
Microsoft Visual Studio Solution File, Format Version 12.00
# Visual Studio Version 17
VisualStudioVersion = 17.8.34511.84
MinimumVisualStudioVersion = 10.0.40219.1
Project("{2150E333-8FDC-42A3-9474-1A3956D46DE8}") = "01-Domain", "01-Domain", "{7F9BBCC2-50AC-404E-AF95-C9605A25937C}"
EndProject
Project("{2150E333-8FDC-42A3-9474-1A3956D46DE8}") = "02-Infrastructures", "02-Infrastructures", "{D3A031A0-F848-4024-B528-A0160853BA8A}"
EndProject
Project("{2150E333-8FDC-42A3-9474-1A3956D46DE8}") = "03-EndPoints", "03-EndPoints", "{B31B7D4D-FA0D-43E2-8488-9CB127681810}"
EndProject
Project("{2150E333-8FDC-42A3-9474-1A3956D46DE8}") = "Core", "Core", "{71A77390-65C0-45EF-B3A3-C301BEDE7948}"
EndProject
Project("{2150E333-8FDC-42A3-9474-1A3956D46DE8}") = "Services", "Services", "{B61C9AC0-092E-45DE-93F8-FAFE94B9C470}"
EndProject
Project("{2150E333-8FDC-42A3-9474-1A3956D46DE8}") = "DataAccess", "DataAccess", "{E67CE211-62A0-422C-8489-67D191C1954A}"
EndProject
Project("{2150E333-8FDC-42A3-9474-1A3956D46DE8}") = "DB", "DB", "{D23D653A-668D-40B5-B173-258F207B7F49}"
EndProject
Project("{2150E333-8FDC-42A3-9474-1A3956D46DE8}") = "Providers", "Providers", "{64A2F538-5F57-4128-AD6F-511D4C42288B}"
EndProject
Project("{9A19103F-16F7-4668-BE54-9A1E7A4F7556}") = "App.Domain.Core", "App.Domain.Core\App.Domain.Core.csproj", "{DF5E7100-80C6-4FE7-A165-C1240C6A42AA}"
EndProject
Project("{9A19103F-16F7-4668-BE54-9A1E7A4F7556}") = "App.Domain.Services", "App.Domain.Services\App.Domain.Services.csproj", "{45F8AA87-B986-4551-A9E5-97DB0480778A}"
EndProject
Project("{9A19103F-16F7-4668-BE54-9A1E7A4F7556}") = "App.Domain.AppServices", "App.Domain.AppServices\App.Domain.AppServices.csproj", "{38FB6301-6228-4CAB-B0C8-BA3E4D16A6B5}"
EndProject
Project("{9A19103F-16F7-4668-BE54-9A1E7A4F7556}") = "App.EndPoints.MVC", "App.EndPoints.MVC\App.EndPoints.MVC.csproj", "{CF3A14C5-D3CD-4D7B-A614-1CD1E16A047E}"
EndProject
Project("{9A19103F-16F7-4668-BE54-9A1E7A4F7556}") = "App.Infra.Data.Repos.Ef", "App.Infra.Data.Repos.Ef\App.Infra.Data.Repos.Ef.csproj", "{5F93B547-984C-4318-8727-19D5DF75925B}"
EndProject
Project("{9A19103F-16F7-4668-BE54-9A1E7A4F7556}") = "App.Infra.Data.Db.SqlServer.Ef", "App.Infra.Data.Db.SqlServer.Ef\App.Infra.Data.Db.SqlServer.Ef.csproj", "{C8A1658B-3A48-4466-86CC-AB053795E05C}"
EndProject
Global
	GlobalSection(SolutionConfigurationPlatforms) = preSolution
		Debug|Any CPU = Debug|Any CPU
		Release|Any CPU = Release|Any CPU
	EndGlobalSection
	GlobalSection(ProjectConfigurationPlatforms) = postSolution
		{DF5E7100-80C6-4FE7-A165-C1240C6A42AA}.Debug|Any CPU.ActiveCfg = Debug|Any CPU
		{DF5E7100-80C6-4FE7-A165-C1240C6A42AA}.Debug|Any CPU.Build.0 = Debug|Any CPU
		{DF5E7100-80C6-4FE7-A165-C1240C6A42AA}.Release|Any CPU.ActiveCfg = Release|Any CPU
		{DF5E7100-80C6-4FE7-A165-C1240C6A42AA}.Release|Any CPU.Build.0 = Release|Any CPU
		{45F8AA87-B986-4551-A9E5-97DB0480778A}.Debug|Any CPU.ActiveCfg = Debug|Any CPU
		{45F8AA87-B986-4551-A9E5-97DB0480778A}.Debug|Any CPU.Build.0 = Debug|Any CPU
		{45F8AA87-B986-4551-A9E5-97DB0480778A}.Release|Any CPU.ActiveCfg = Release|Any CPU
		{45F8AA87-B986-4551-A9E5-97DB0480778A}.Release|Any CPU.Build.0 = Release|Any CPU
		{38FB6301-6228-4CAB-B0C8-BA3E4D16A6B5}.Debug|Any CPU.ActiveCfg = Debug|Any CPU
		{38FB6301-6228-4CAB-B0C8-BA3E4D16A6B5}.Debug|Any CPU.Build.0 = Debug|Any CPU
		{38FB6301-6228-4CAB-B0C8-BA3E4D16A6B5}.Release|Any CPU.ActiveCfg = Release|Any CPU
		{38FB6301-6228-4CAB-B0C8-BA3E4D16A6B5}.Release|Any CPU.Build.0 = Release|Any CPU
		{CF3A14C5-D3CD-4D7B-A614-1CD1E16A047E}.Debug|Any CPU.ActiveCfg = Debug|Any CPU
		{CF3A14C5-D3CD-4D7B-A614-1CD1E16A047E}.Debug|Any CPU.Build.0 = Debug|Any CPU
		{CF3A14C5-D3CD-4D7B-A614-1CD1E16A047E}.Release|Any CPU.ActiveCfg = Release|Any CPU
		{CF3A14C5-D3CD-4D7B-A614-1CD1E16A047E}.Release|Any CPU.Build.0 = Release|Any CPU
		{5F93B547-984C-4318-8727-19D5DF75925B}.Debug|Any CPU.ActiveCfg = Debug|Any CPU
		{5F93B547-984C-4318-8727-19D5DF75925B}.Debug|Any CPU.Build.0 = Debug|Any CPU
		{5F93B547-984C-4318-8727-19D5DF75925B}.Release|Any CPU.ActiveCfg = Release|Any CPU
		{5F93B547-984C-4318-8727-19D5DF75925B}.Release|Any CPU.Build.0 = Release|Any CPU
		{C8A1658B-3A48-4466-86CC-AB053795E05C}.Debug|Any CPU.ActiveCfg = Debug|Any CPU
		{C8A1658B-3A48-4466-86CC-AB053795E05C}.Debug|Any CPU.Build.0 = Debug|Any CPU
		{C8A1658B-3A48-4466-86CC-AB053795E05C}.Release|Any CPU.ActiveCfg = Release|Any CPU
		{C8A1658B-3A48-4466-86CC-AB053795E05C}.Release|Any CPU.Build.0 = Release|Any CPU
	EndGlobalSection
	GlobalSection(SolutionProperties) = preSolution
		HideSolutionNode = FALSE
	EndGlobalSection
	GlobalSection(NestedProjects) = preSolution
		{71A77390-65C0-45EF-B3A3-C301BEDE7948} = {7F9BBCC2-50AC-404E-AF95-C9605A25937C}
		{B61C9AC0-092E-45DE-93F8-FAFE94B9C470} = {7F9BBCC2-50AC-404E-AF95-C9605A25937C}
		{E67CE211-62A0-422C-8489-67D191C1954A} = {D3A031A0-F848-4024-B528-A0160853BA8A}
		{D23D653A-668D-40B5-B173-258F207B7F49} = {D3A031A0-F848-4024-B528-A0160853BA8A}
		{64A2F538-5F57-4128-AD6F-511D4C42288B} = {D3A031A0-F848-4024-B528-A0160853BA8A}
		{DF5E7100-80C6-4FE7-A165-C1240C6A42AA} = {71A77390-65C0-45EF-B3A3-C301BEDE7948}
		{45F8AA87-B986-4551-A9E5-97DB0480778A} = {B61C9AC0-092E-45DE-93F8-FAFE94B9C470}
		{38FB6301-6228-4CAB-B0C8-BA3E4D16A6B5} = {B61C9AC0-092E-45DE-93F8-FAFE94B9C470}
		{CF3A14C5-D3CD-4D7B-A614-1CD1E16A047E} = {B31B7D4D-FA0D-43E2-8488-9CB127681810}
		{5F93B547-984C-4318-8727-19D5DF75925B} = {E67CE211-62A0-422C-8489-67D191C1954A}
		{C8A1658B-3A48-4466-86CC-AB053795E05C} = {D23D653A-668D-40B5-B173-258F207B7F49}
	EndGlobalSection
	GlobalSection(ExtensibilityGlobals) = postSolution
		SolutionGuid = {A729E150-ADCB-4465-B015-01809C893E2C}
	EndGlobalSection
EndGlobal
